
Microsoft Visual Studio Solution File, Format Version 15.00
# Visual Studio 14
VisualStudioVersion = 14.0.25420.1
MinimumVisualStudioVersion = 10.0.40219.1
Project("{FAE04EC0-301F-11D3-BF4B-00C04F79EFBC}") = "RocketBot2", "RocketBot2\RocketBot2.csproj", "{42B07AE9-E643-4212-A7DB-0611F9059670}"
EndProject
Project("{FAE04EC0-301F-11D3-BF4B-00C04F79EFBC}") = "PokemonGo.RocketAPI", "FeroxRev\PokemonGo.RocketAPI.csproj", "{05D2DA44-1B8E-4CF7-94ED-4D52451CD095}"
EndProject
Project("{FAE04EC0-301F-11D3-BF4B-00C04F79EFBC}") = "PoGo.NecroBot.Logic", "PoGo.NecroBot.Logic\PoGo.NecroBot.Logic.csproj", "{0739E40D-C589-4AEB-93E5-EE8CD6773C60}"
EndProject
Project("{FAE04EC0-301F-11D3-BF4B-00C04F79EFBC}") = "POGOProtos", "POGOProtos\POGOProtos.csproj", "{FED6EC35-C1A9-48D4-B662-0265CE0A4B34}"
EndProject
Global
	GlobalSection(SolutionConfigurationPlatforms) = preSolution
		Debug RocketBot|Any CPU = Debug RocketBot|Any CPU
		Debug|Any CPU = Debug|Any CPU
		Release RocketBot|Any CPU = Release RocketBot|Any CPU
		Release|Any CPU = Release|Any CPU
	EndGlobalSection
	GlobalSection(ProjectConfigurationPlatforms) = postSolution
		{42B07AE9-E643-4212-A7DB-0611F9059670}.Debug RocketBot|Any CPU.ActiveCfg = Debug|Any CPU
		{42B07AE9-E643-4212-A7DB-0611F9059670}.Debug RocketBot|Any CPU.Build.0 = Debug|Any CPU
		{42B07AE9-E643-4212-A7DB-0611F9059670}.Debug|Any CPU.ActiveCfg = Debug|Any CPU
		{42B07AE9-E643-4212-A7DB-0611F9059670}.Debug|Any CPU.Build.0 = Debug|Any CPU
		{42B07AE9-E643-4212-A7DB-0611F9059670}.Release RocketBot|Any CPU.ActiveCfg = Release|Any CPU
		{42B07AE9-E643-4212-A7DB-0611F9059670}.Release RocketBot|Any CPU.Build.0 = Release|Any CPU
		{42B07AE9-E643-4212-A7DB-0611F9059670}.Release|Any CPU.ActiveCfg = Release|Any CPU
		{42B07AE9-E643-4212-A7DB-0611F9059670}.Release|Any CPU.Build.0 = Release|Any CPU
		{05D2DA44-1B8E-4CF7-94ED-4D52451CD095}.Debug RocketBot|Any CPU.ActiveCfg = Debug|Any CPU
		{05D2DA44-1B8E-4CF7-94ED-4D52451CD095}.Debug RocketBot|Any CPU.Build.0 = Debug|Any CPU
		{05D2DA44-1B8E-4CF7-94ED-4D52451CD095}.Debug|Any CPU.ActiveCfg = Debug|Any CPU
		{05D2DA44-1B8E-4CF7-94ED-4D52451CD095}.Debug|Any CPU.Build.0 = Debug|Any CPU
		{05D2DA44-1B8E-4CF7-94ED-4D52451CD095}.Release RocketBot|Any CPU.ActiveCfg = Release|Any CPU
		{05D2DA44-1B8E-4CF7-94ED-4D52451CD095}.Release RocketBot|Any CPU.Build.0 = Release|Any CPU
		{05D2DA44-1B8E-4CF7-94ED-4D52451CD095}.Release|Any CPU.ActiveCfg = Release|Any CPU
		{05D2DA44-1B8E-4CF7-94ED-4D52451CD095}.Release|Any CPU.Build.0 = Release|Any CPU
		{0739E40D-C589-4AEB-93E5-EE8CD6773C60}.Debug RocketBot|Any CPU.ActiveCfg = Debug|Any CPU
		{0739E40D-C589-4AEB-93E5-EE8CD6773C60}.Debug RocketBot|Any CPU.Build.0 = Debug|Any CPU
		{0739E40D-C589-4AEB-93E5-EE8CD6773C60}.Debug|Any CPU.ActiveCfg = Debug|Any CPU
		{0739E40D-C589-4AEB-93E5-EE8CD6773C60}.Debug|Any CPU.Build.0 = Debug|Any CPU
		{0739E40D-C589-4AEB-93E5-EE8CD6773C60}.Release RocketBot|Any CPU.ActiveCfg = Release|Any CPU
		{0739E40D-C589-4AEB-93E5-EE8CD6773C60}.Release RocketBot|Any CPU.Build.0 = Release|Any CPU
		{0739E40D-C589-4AEB-93E5-EE8CD6773C60}.Release|Any CPU.ActiveCfg = Release|Any CPU
		{0739E40D-C589-4AEB-93E5-EE8CD6773C60}.Release|Any CPU.Build.0 = Release|Any CPU
		{FED6EC35-C1A9-48D4-B662-0265CE0A4B34}.Debug RocketBot|Any CPU.ActiveCfg = Debug|Any CPU
		{FED6EC35-C1A9-48D4-B662-0265CE0A4B34}.Debug RocketBot|Any CPU.Build.0 = Debug|Any CPU
		{FED6EC35-C1A9-48D4-B662-0265CE0A4B34}.Debug|Any CPU.ActiveCfg = Debug|Any CPU
		{FED6EC35-C1A9-48D4-B662-0265CE0A4B34}.Debug|Any CPU.Build.0 = Debug|Any CPU
		{FED6EC35-C1A9-48D4-B662-0265CE0A4B34}.Release RocketBot|Any CPU.ActiveCfg = Release|Any CPU
		{FED6EC35-C1A9-48D4-B662-0265CE0A4B34}.Release RocketBot|Any CPU.Build.0 = Release|Any CPU
		{FED6EC35-C1A9-48D4-B662-0265CE0A4B34}.Release|Any CPU.ActiveCfg = Release|Any CPU
		{FED6EC35-C1A9-48D4-B662-0265CE0A4B34}.Release|Any CPU.Build.0 = Release|Any CPU
	EndGlobalSection
	GlobalSection(SolutionProperties) = preSolution
		HideSolutionNode = FALSE
	EndGlobalSection
	GlobalSection(ExtensibilityGlobals) = postSolution
		EnterpriseLibraryConfigurationToolBinariesPathV6 = packages\EnterpriseLibrary.TransientFaultHandling.6.0.1304.0\lib\portable-net45+win+wp8;packages\EnterpriseLibrary.TransientFaultHandling.Data.6.0.1304.1\lib\NET45
	EndGlobalSection
EndGlobal
